
Microsoft Visual Studio Solution File, Format Version 12.00
# Visual Studio Version 16
VisualStudioVersion = 16.0.31205.134
MinimumVisualStudioVersion = 10.0.40219.1
Project("{FAE04EC0-301F-11D3-BF4B-00C04F79EFBC}") = "2BSite", "2BSite\2BSite.csproj", "{61899BA9-D80F-4201-A1A5-561ABEB5502A}"
EndProject
Project("{2150E333-8FDC-42A3-9474-1A3956D46DE8}") = "Data", "Data", "{AAFB8B76-25D9-4B53-B7AC-E53081D387DD}"
EndProject
Project("{2150E333-8FDC-42A3-9474-1A3956D46DE8}") = "Extension", "Extension", "{20438B00-39D2-4C27-87F4-23D04E5930D8}"
EndProject
Project("{2150E333-8FDC-42A3-9474-1A3956D46DE8}") = "Services", "Services", "{960E35D0-5191-4867-81A4-5DEE765D16DB}"
EndProject
Project("{2150E333-8FDC-42A3-9474-1A3956D46DE8}") = "Web", "Web", "{3A70BB08-C1D9-4990-9305-B54E3BC2E04D}"
EndProject
Project("{FAE04EC0-301F-11D3-BF4B-00C04F79EFBC}") = "2BSite.Database", "2BSite.Database\2BSite.Database.csproj", "{B19ABB0B-B1AC-47D9-B1DB-124E487E444A}"
EndProject
Project("{FAE04EC0-301F-11D3-BF4B-00C04F79EFBC}") = "2BSite.Service", "2BSite.Service\2BSite.Service.csproj", "{143DFC90-47DD-4FD7-9C7D-F011B100492D}"
EndProject
Project("{9A19103F-16F7-4668-BE54-9A1E7A4F7556}") = "Npoi.Mapper", "Extension\Npoi.Mapper\Npoi.Mapper.csproj", "{536221D7-7E3B-4E3F-958D-FE893E198FA4}"
EndProject
Project("{9A19103F-16F7-4668-BE54-9A1E7A4F7556}") = "Npoi.Report", "Extension\Npoi.Report\Npoi.Report.csproj", "{293FEB9F-7BAA-4FE6-B067-F332786FAC4E}"
EndProject
Global
	GlobalSection(SolutionConfigurationPlatforms) = preSolution
		Debug|Any CPU = Debug|Any CPU
		PROD|Any CPU = PROD|Any CPU
		Release|Any CPU = Release|Any CPU
	EndGlobalSection
	GlobalSection(ProjectConfigurationPlatforms) = postSolution
		{61899BA9-D80F-4201-A1A5-561ABEB5502A}.Debug|Any CPU.ActiveCfg = Debug|Any CPU
		{61899BA9-D80F-4201-A1A5-561ABEB5502A}.Debug|Any CPU.Build.0 = Debug|Any CPU
		{61899BA9-D80F-4201-A1A5-561ABEB5502A}.PROD|Any CPU.ActiveCfg = Debug|Any CPU
		{61899BA9-D80F-4201-A1A5-561ABEB5502A}.PROD|Any CPU.Build.0 = Debug|Any CPU
		{61899BA9-D80F-4201-A1A5-561ABEB5502A}.Release|Any CPU.ActiveCfg = Release|Any CPU
		{61899BA9-D80F-4201-A1A5-561ABEB5502A}.Release|Any CPU.Build.0 = Release|Any CPU
		{B19ABB0B-B1AC-47D9-B1DB-124E487E444A}.Debug|Any CPU.ActiveCfg = Debug|Any CPU
		{B19ABB0B-B1AC-47D9-B1DB-124E487E444A}.Debug|Any CPU.Build.0 = Debug|Any CPU
		{B19ABB0B-B1AC-47D9-B1DB-124E487E444A}.PROD|Any CPU.ActiveCfg = Debug|Any CPU
		{B19ABB0B-B1AC-47D9-B1DB-124E487E444A}.PROD|Any CPU.Build.0 = Debug|Any CPU
		{B19ABB0B-B1AC-47D9-B1DB-124E487E444A}.Release|Any CPU.ActiveCfg = Release|Any CPU
		{B19ABB0B-B1AC-47D9-B1DB-124E487E444A}.Release|Any CPU.Build.0 = Release|Any CPU
		{143DFC90-47DD-4FD7-9C7D-F011B100492D}.Debug|Any CPU.ActiveCfg = Debug|Any CPU
		{143DFC90-47DD-4FD7-9C7D-F011B100492D}.Debug|Any CPU.Build.0 = Debug|Any CPU
		{143DFC90-47DD-4FD7-9C7D-F011B100492D}.PROD|Any CPU.ActiveCfg = Debug|Any CPU
		{143DFC90-47DD-4FD7-9C7D-F011B100492D}.PROD|Any CPU.Build.0 = Debug|Any CPU
		{143DFC90-47DD-4FD7-9C7D-F011B100492D}.Release|Any CPU.ActiveCfg = Release|Any CPU
		{143DFC90-47DD-4FD7-9C7D-F011B100492D}.Release|Any CPU.Build.0 = Release|Any CPU
		{536221D7-7E3B-4E3F-958D-FE893E198FA4}.Debug|Any CPU.ActiveCfg = Debug|Any CPU
		{536221D7-7E3B-4E3F-958D-FE893E198FA4}.Debug|Any CPU.Build.0 = Debug|Any CPU
		{536221D7-7E3B-4E3F-958D-FE893E198FA4}.PROD|Any CPU.ActiveCfg = Debug|Any CPU
		{536221D7-7E3B-4E3F-958D-FE893E198FA4}.PROD|Any CPU.Build.0 = Debug|Any CPU
		{536221D7-7E3B-4E3F-958D-FE893E198FA4}.Release|Any CPU.ActiveCfg = Release|Any CPU
		{536221D7-7E3B-4E3F-958D-FE893E198FA4}.Release|Any CPU.Build.0 = Release|Any CPU
		{293FEB9F-7BAA-4FE6-B067-F332786FAC4E}.Debug|Any CPU.ActiveCfg = Debug|Any CPU
		{293FEB9F-7BAA-4FE6-B067-F332786FAC4E}.Debug|Any CPU.Build.0 = Debug|Any CPU
		{293FEB9F-7BAA-4FE6-B067-F332786FAC4E}.PROD|Any CPU.ActiveCfg = PROD|Any CPU
		{293FEB9F-7BAA-4FE6-B067-F332786FAC4E}.PROD|Any CPU.Build.0 = PROD|Any CPU
		{293FEB9F-7BAA-4FE6-B067-F332786FAC4E}.Release|Any CPU.ActiveCfg = Release|Any CPU
		{293FEB9F-7BAA-4FE6-B067-F332786FAC4E}.Release|Any CPU.Build.0 = Release|Any CPU
	EndGlobalSection
	GlobalSection(SolutionProperties) = preSolution
		HideSolutionNode = FALSE
	EndGlobalSection
	GlobalSection(NestedProjects) = preSolution
		{61899BA9-D80F-4201-A1A5-561ABEB5502A} = {3A70BB08-C1D9-4990-9305-B54E3BC2E04D}
		{B19ABB0B-B1AC-47D9-B1DB-124E487E444A} = {AAFB8B76-25D9-4B53-B7AC-E53081D387DD}
		{143DFC90-47DD-4FD7-9C7D-F011B100492D} = {960E35D0-5191-4867-81A4-5DEE765D16DB}
		{536221D7-7E3B-4E3F-958D-FE893E198FA4} = {20438B00-39D2-4C27-87F4-23D04E5930D8}
		{293FEB9F-7BAA-4FE6-B067-F332786FAC4E} = {20438B00-39D2-4C27-87F4-23D04E5930D8}
	EndGlobalSection
	GlobalSection(ExtensibilityGlobals) = postSolution
		SolutionGuid = {0089A67B-FE00-4258-854F-609EA8C76BD4}
	EndGlobalSection
EndGlobal
