
Microsoft Visual Studio Solution File, Format Version 12.00
# Visual Studio Version 16
VisualStudioVersion = 16.0.31205.134
MinimumVisualStudioVersion = 10.0.40219.1
Project("{9A19103F-16F7-4668-BE54-9A1E7A4F7556}") = "WX_Site", "WX_Site\WX_Site.csproj", "{77A93FF2-E695-463B-8449-9F6D1D81110C}"
EndProject
Project("{2150E333-8FDC-42A3-9474-1A3956D46DE8}") = "WX", "WX", "{35D4D974-900C-4433-A815-0520F2405D1C}"
EndProject
Project("{2150E333-8FDC-42A3-9474-1A3956D46DE8}") = "Data", "Data", "{1AF32731-D29C-4FAE-AD1D-C2BDF416C67D}"
EndProject
Project("{9A19103F-16F7-4668-BE54-9A1E7A4F7556}") = "2BSite.Database", "2BSite.Database\2BSite.Database.csproj", "{57CF0C8B-B567-402F-B5A9-76114B1A47B8}"
EndProject
Project("{2150E333-8FDC-42A3-9474-1A3956D46DE8}") = "Senparc", "Senparc", "{BC10CBA4-1043-44CC-8697-1718C1897C38}"
EndProject
Project("{9A19103F-16F7-4668-BE54-9A1E7A4F7556}") = "Senparc.Weixin.vs2017", "WX_Site\Senparc\Senparc.Weixin\Senparc.Weixin\Senparc.Weixin.vs2017.csproj", "{7A57CF73-A610-4D54-9D28-0A277FF1FEF3}"
EndProject
Project("{9A19103F-16F7-4668-BE54-9A1E7A4F7556}") = "Senparc.Weixin.Cache.Memcached.vs2017", "WX_Site\Senparc\Senparc.Weixin.Cache\Senparc.Weixin.Cache.Memcached\Senparc.Weixin.Cache.Memcached.vs2017.csproj", "{2D61F1E6-61AE-4BE3-93BE-6D296CA27358}"
EndProject
Project("{9A19103F-16F7-4668-BE54-9A1E7A4F7556}") = "Senparc.Weixin.Cache.Redis.vs2017", "WX_Site\Senparc\Senparc.Weixin.Cache\Senparc.Weixin.Cache.Redis\Senparc.Weixin.Cache.Redis.vs2017.csproj", "{A8AED03A-65F0-4CBC-9112-C14332C99643}"
EndProject
Project("{9A19103F-16F7-4668-BE54-9A1E7A4F7556}") = "Senparc.Weixin.MP.vs2017", "WX_Site\Senparc\Senparc.Weixin.MP\Senparc.Weixin.MP\Senparc.Weixin.MP.vs2017.csproj", "{B143A83F-3696-44B1-BFDB-7ED96FF80F5B}"
EndProject
Project("{9A19103F-16F7-4668-BE54-9A1E7A4F7556}") = "Senparc.Weixin.MP.MvcExtension.vs2017", "WX_Site\Senparc\Senparc.Weixin.MP.MvcExtension\Senparc.Weixin.MP.MvcExtension.vs2017.csproj", "{27180671-C185-4989-A199-04DC86CCB8D8}"
EndProject
Project("{9A19103F-16F7-4668-BE54-9A1E7A4F7556}") = "Senparc.Weixin.TenPay.vs2017", "WX_Site\Senparc\Senparc.Weixin.TenPay\Senparc.Weixin.TenPay.vs2017.csproj", "{B6AD9075-6CF6-41EB-BA3E-1D5F78BA4C69}"
EndProject
Project("{9A19103F-16F7-4668-BE54-9A1E7A4F7556}") = "Senparc.Weixin.Work.vs2017", "WX_Site\Senparc\Senparc.Weixin.Work\Senparc.Weixin.Work.vs2017.csproj", "{2CA1C664-8098-44B9-9F3F-6DE13D943167}"
EndProject
Project("{9A19103F-16F7-4668-BE54-9A1E7A4F7556}") = "Senparc.Weixin.WxOpen.vs2017", "WX_Site\Senparc\Senparc.Weixin.WxOpen\Senparc.Weixin.WxOpen.vs2017.csproj", "{921D6193-8D7C-4C92-9E0C-069008C76C43}"
EndProject
Project("{2150E333-8FDC-42A3-9474-1A3956D46DE8}") = "Services", "Services", "{55FA8B62-BB0F-40C5-86D4-48E36362F6C5}"
EndProject
Project("{9A19103F-16F7-4668-BE54-9A1E7A4F7556}") = "2BSite.Service", "2BSite.Service\2BSite.Service.csproj", "{67F196E1-1C71-43E6-A15B-66621D7FEB61}"
EndProject
Project("{9A19103F-16F7-4668-BE54-9A1E7A4F7556}") = "WX_CommonService", "WX_Site\WeiXin_WYZJ.CommonService\WX_CommonService.csproj", "{BD956345-3DF1-4438-A18D-F1A146E9487E}"
EndProject
Project("{FAE04EC0-301F-11D3-BF4B-00C04F79EFBC}") = "WXSite.Database", "WXSite.Database\WXSite.Database.csproj", "{C9AC84E3-8B68-44F6-803A-2761FCE2BB57}"
EndProject
Global
	GlobalSection(SolutionConfigurationPlatforms) = preSolution
		Debug|Any CPU = Debug|Any CPU
		Release|Any CPU = Release|Any CPU
	EndGlobalSection
	GlobalSection(ProjectConfigurationPlatforms) = postSolution
		{77A93FF2-E695-463B-8449-9F6D1D81110C}.Debug|Any CPU.ActiveCfg = Debug|Any CPU
		{77A93FF2-E695-463B-8449-9F6D1D81110C}.Debug|Any CPU.Build.0 = Debug|Any CPU
		{77A93FF2-E695-463B-8449-9F6D1D81110C}.Release|Any CPU.ActiveCfg = Release|Any CPU
		{77A93FF2-E695-463B-8449-9F6D1D81110C}.Release|Any CPU.Build.0 = Release|Any CPU
		{57CF0C8B-B567-402F-B5A9-76114B1A47B8}.Debug|Any CPU.ActiveCfg = Debug|Any CPU
		{57CF0C8B-B567-402F-B5A9-76114B1A47B8}.Debug|Any CPU.Build.0 = Debug|Any CPU
		{57CF0C8B-B567-402F-B5A9-76114B1A47B8}.Release|Any CPU.ActiveCfg = Release|Any CPU
		{57CF0C8B-B567-402F-B5A9-76114B1A47B8}.Release|Any CPU.Build.0 = Release|Any CPU
		{7A57CF73-A610-4D54-9D28-0A277FF1FEF3}.Debug|Any CPU.ActiveCfg = Debug|Any CPU
		{7A57CF73-A610-4D54-9D28-0A277FF1FEF3}.Debug|Any CPU.Build.0 = Debug|Any CPU
		{7A57CF73-A610-4D54-9D28-0A277FF1FEF3}.Release|Any CPU.ActiveCfg = Release|Any CPU
		{7A57CF73-A610-4D54-9D28-0A277FF1FEF3}.Release|Any CPU.Build.0 = Release|Any CPU
		{2D61F1E6-61AE-4BE3-93BE-6D296CA27358}.Debug|Any CPU.ActiveCfg = Debug|Any CPU
		{2D61F1E6-61AE-4BE3-93BE-6D296CA27358}.Debug|Any CPU.Build.0 = Debug|Any CPU
		{2D61F1E6-61AE-4BE3-93BE-6D296CA27358}.Release|Any CPU.ActiveCfg = Release|Any CPU
		{2D61F1E6-61AE-4BE3-93BE-6D296CA27358}.Release|Any CPU.Build.0 = Release|Any CPU
		{A8AED03A-65F0-4CBC-9112-C14332C99643}.Debug|Any CPU.ActiveCfg = Debug|Any CPU
		{A8AED03A-65F0-4CBC-9112-C14332C99643}.Debug|Any CPU.Build.0 = Debug|Any CPU
		{A8AED03A-65F0-4CBC-9112-C14332C99643}.Release|Any CPU.ActiveCfg = Release|Any CPU
		{A8AED03A-65F0-4CBC-9112-C14332C99643}.Release|Any CPU.Build.0 = Release|Any CPU
		{B143A83F-3696-44B1-BFDB-7ED96FF80F5B}.Debug|Any CPU.ActiveCfg = Debug|Any CPU
		{B143A83F-3696-44B1-BFDB-7ED96FF80F5B}.Debug|Any CPU.Build.0 = Debug|Any CPU
		{B143A83F-3696-44B1-BFDB-7ED96FF80F5B}.Release|Any CPU.ActiveCfg = Release|Any CPU
		{B143A83F-3696-44B1-BFDB-7ED96FF80F5B}.Release|Any CPU.Build.0 = Release|Any CPU
		{27180671-C185-4989-A199-04DC86CCB8D8}.Debug|Any CPU.ActiveCfg = Debug|Any CPU
		{27180671-C185-4989-A199-04DC86CCB8D8}.Debug|Any CPU.Build.0 = Debug|Any CPU
		{27180671-C185-4989-A199-04DC86CCB8D8}.Release|Any CPU.ActiveCfg = Release|Any CPU
		{27180671-C185-4989-A199-04DC86CCB8D8}.Release|Any CPU.Build.0 = Release|Any CPU
		{B6AD9075-6CF6-41EB-BA3E-1D5F78BA4C69}.Debug|Any CPU.ActiveCfg = Debug|Any CPU
		{B6AD9075-6CF6-41EB-BA3E-1D5F78BA4C69}.Debug|Any CPU.Build.0 = Debug|Any CPU
		{B6AD9075-6CF6-41EB-BA3E-1D5F78BA4C69}.Release|Any CPU.ActiveCfg = Release|Any CPU
		{B6AD9075-6CF6-41EB-BA3E-1D5F78BA4C69}.Release|Any CPU.Build.0 = Release|Any CPU
		{2CA1C664-8098-44B9-9F3F-6DE13D943167}.Debug|Any CPU.ActiveCfg = Debug|Any CPU
		{2CA1C664-8098-44B9-9F3F-6DE13D943167}.Debug|Any CPU.Build.0 = Debug|Any CPU
		{2CA1C664-8098-44B9-9F3F-6DE13D943167}.Release|Any CPU.ActiveCfg = Release|Any CPU
		{2CA1C664-8098-44B9-9F3F-6DE13D943167}.Release|Any CPU.Build.0 = Release|Any CPU
		{921D6193-8D7C-4C92-9E0C-069008C76C43}.Debug|Any CPU.ActiveCfg = Debug|Any CPU
		{921D6193-8D7C-4C92-9E0C-069008C76C43}.Debug|Any CPU.Build.0 = Debug|Any CPU
		{921D6193-8D7C-4C92-9E0C-069008C76C43}.Release|Any CPU.ActiveCfg = Release|Any CPU
		{921D6193-8D7C-4C92-9E0C-069008C76C43}.Release|Any CPU.Build.0 = Release|Any CPU
		{67F196E1-1C71-43E6-A15B-66621D7FEB61}.Debug|Any CPU.ActiveCfg = Debug|Any CPU
		{67F196E1-1C71-43E6-A15B-66621D7FEB61}.Debug|Any CPU.Build.0 = Debug|Any CPU
		{67F196E1-1C71-43E6-A15B-66621D7FEB61}.Release|Any CPU.ActiveCfg = Release|Any CPU
		{67F196E1-1C71-43E6-A15B-66621D7FEB61}.Release|Any CPU.Build.0 = Release|Any CPU
		{BD956345-3DF1-4438-A18D-F1A146E9487E}.Debug|Any CPU.ActiveCfg = Debug|Any CPU
		{BD956345-3DF1-4438-A18D-F1A146E9487E}.Debug|Any CPU.Build.0 = Debug|Any CPU
		{BD956345-3DF1-4438-A18D-F1A146E9487E}.Release|Any CPU.ActiveCfg = Release|Any CPU
		{BD956345-3DF1-4438-A18D-F1A146E9487E}.Release|Any CPU.Build.0 = Release|Any CPU
		{C9AC84E3-8B68-44F6-803A-2761FCE2BB57}.Debug|Any CPU.ActiveCfg = Debug|Any CPU
		{C9AC84E3-8B68-44F6-803A-2761FCE2BB57}.Debug|Any CPU.Build.0 = Debug|Any CPU
		{C9AC84E3-8B68-44F6-803A-2761FCE2BB57}.Release|Any CPU.ActiveCfg = Release|Any CPU
		{C9AC84E3-8B68-44F6-803A-2761FCE2BB57}.Release|Any CPU.Build.0 = Release|Any CPU
	EndGlobalSection
	GlobalSection(SolutionProperties) = preSolution
		HideSolutionNode = FALSE
	EndGlobalSection
	GlobalSection(NestedProjects) = preSolution
		{77A93FF2-E695-463B-8449-9F6D1D81110C} = {35D4D974-900C-4433-A815-0520F2405D1C}
		{57CF0C8B-B567-402F-B5A9-76114B1A47B8} = {1AF32731-D29C-4FAE-AD1D-C2BDF416C67D}
		{7A57CF73-A610-4D54-9D28-0A277FF1FEF3} = {BC10CBA4-1043-44CC-8697-1718C1897C38}
		{2D61F1E6-61AE-4BE3-93BE-6D296CA27358} = {BC10CBA4-1043-44CC-8697-1718C1897C38}
		{A8AED03A-65F0-4CBC-9112-C14332C99643} = {BC10CBA4-1043-44CC-8697-1718C1897C38}
		{B143A83F-3696-44B1-BFDB-7ED96FF80F5B} = {BC10CBA4-1043-44CC-8697-1718C1897C38}
		{27180671-C185-4989-A199-04DC86CCB8D8} = {BC10CBA4-1043-44CC-8697-1718C1897C38}
		{B6AD9075-6CF6-41EB-BA3E-1D5F78BA4C69} = {BC10CBA4-1043-44CC-8697-1718C1897C38}
		{2CA1C664-8098-44B9-9F3F-6DE13D943167} = {BC10CBA4-1043-44CC-8697-1718C1897C38}
		{921D6193-8D7C-4C92-9E0C-069008C76C43} = {BC10CBA4-1043-44CC-8697-1718C1897C38}
		{67F196E1-1C71-43E6-A15B-66621D7FEB61} = {55FA8B62-BB0F-40C5-86D4-48E36362F6C5}
		{BD956345-3DF1-4438-A18D-F1A146E9487E} = {35D4D974-900C-4433-A815-0520F2405D1C}
		{C9AC84E3-8B68-44F6-803A-2761FCE2BB57} = {1AF32731-D29C-4FAE-AD1D-C2BDF416C67D}
	EndGlobalSection
	GlobalSection(ExtensibilityGlobals) = postSolution
		SolutionGuid = {7E9C7010-0BA5-4325-8EDB-53C6F50A3E30}
	EndGlobalSection
EndGlobal
